
Microsoft Visual Studio Solution File, Format Version 12.00
# Visual Studio 15
VisualStudioVersion = 15.0.28307.1231
MinimumVisualStudioVersion = 10.0.40219.1
Project("{8BC9CEB8-8B4A-11D0-8D11-00A0C91BC942}") = "Project25", "Project25\Project25.vcxproj", "{2E1B8A0E-A5B3-4BAE-87B5-AF773E0DD3A0}"
EndProject
Project("{8BC9CEB8-8B4A-11D0-8D11-00A0C91BC942}") = "Project27", "..\..\..\27\Project27\Project27.vcxproj", "{24675312-673D-41D3-8C79-3262030E0E24}"
EndProject
Global
	GlobalSection(SolutionConfigurationPlatforms) = preSolution
		Debug|x64 = Debug|x64
		Debug|x86 = Debug|x86
		Release|x64 = Release|x64
		Release|x86 = Release|x86
	EndGlobalSection
	GlobalSection(ProjectConfigurationPlatforms) = postSolution
		{2E1B8A0E-A5B3-4BAE-87B5-AF773E0DD3A0}.Debug|x64.ActiveCfg = Debug|x64
		{2E1B8A0E-A5B3-4BAE-87B5-AF773E0DD3A0}.Debug|x64.Build.0 = Debug|x64
		{2E1B8A0E-A5B3-4BAE-87B5-AF773E0DD3A0}.Debug|x86.ActiveCfg = Debug|Win32
		{2E1B8A0E-A5B3-4BAE-87B5-AF773E0DD3A0}.Debug|x86.Build.0 = Debug|Win32
		{2E1B8A0E-A5B3-4BAE-87B5-AF773E0DD3A0}.Release|x64.ActiveCfg = Release|x64
		{2E1B8A0E-A5B3-4BAE-87B5-AF773E0DD3A0}.Release|x64.Build.0 = Release|x64
		{2E1B8A0E-A5B3-4BAE-87B5-AF773E0DD3A0}.Release|x86.ActiveCfg = Release|Win32
		{2E1B8A0E-A5B3-4BAE-87B5-AF773E0DD3A0}.Release|x86.Build.0 = Release|Win32
		{24675312-673D-41D3-8C79-3262030E0E24}.Debug|x64.ActiveCfg = Debug|x64
		{24675312-673D-41D3-8C79-3262030E0E24}.Debug|x64.Build.0 = Debug|x64
		{24675312-673D-41D3-8C79-3262030E0E24}.Debug|x86.ActiveCfg = Debug|Win32
		{24675312-673D-41D3-8C79-3262030E0E24}.Debug|x86.Build.0 = Debug|Win32
		{24675312-673D-41D3-8C79-3262030E0E24}.Release|x64.ActiveCfg = Release|x64
		{24675312-673D-41D3-8C79-3262030E0E24}.Release|x64.Build.0 = Release|x64
		{24675312-673D-41D3-8C79-3262030E0E24}.Release|x86.ActiveCfg = Release|Win32
		{24675312-673D-41D3-8C79-3262030E0E24}.Release|x86.Build.0 = Release|Win32
	EndGlobalSection
	GlobalSection(SolutionProperties) = preSolution
		HideSolutionNode = FALSE
	EndGlobalSection
	GlobalSection(ExtensibilityGlobals) = postSolution
		SolutionGuid = {A5B18EEF-E5DF-42A1-B1DB-9FFBF10E9787}
	EndGlobalSection
EndGlobal
