
Microsoft Visual Studio Solution File, Format Version 12.00
# Visual Studio Version 16
VisualStudioVersion = 16.0.30517.126
MinimumVisualStudioVersion = 10.0.40219.1
Project("{8BC9CEB8-8B4A-11D0-8D11-00A0C91BC942}") = "Project23", "Project23\Project23.vcxproj", "{460828C3-17F3-4354-90DD-3C690F084FAA}"
EndProject
Global
	GlobalSection(SolutionConfigurationPlatforms) = preSolution
		Debug|x64 = Debug|x64
		Debug|x86 = Debug|x86
		Release|x64 = Release|x64
		Release|x86 = Release|x86
	EndGlobalSection
	GlobalSection(ProjectConfigurationPlatforms) = postSolution
		{460828C3-17F3-4354-90DD-3C690F084FAA}.Debug|x64.ActiveCfg = Debug|x64
		{460828C3-17F3-4354-90DD-3C690F084FAA}.Debug|x64.Build.0 = Debug|x64
		{460828C3-17F3-4354-90DD-3C690F084FAA}.Debug|x86.ActiveCfg = Debug|Win32
		{460828C3-17F3-4354-90DD-3C690F084FAA}.Debug|x86.Build.0 = Debug|Win32
		{460828C3-17F3-4354-90DD-3C690F084FAA}.Release|x64.ActiveCfg = Release|x64
		{460828C3-17F3-4354-90DD-3C690F084FAA}.Release|x64.Build.0 = Release|x64
		{460828C3-17F3-4354-90DD-3C690F084FAA}.Release|x86.ActiveCfg = Release|Win32
		{460828C3-17F3-4354-90DD-3C690F084FAA}.Release|x86.Build.0 = Release|Win32
	EndGlobalSection
	GlobalSection(SolutionProperties) = preSolution
		HideSolutionNode = FALSE
	EndGlobalSection
	GlobalSection(ExtensibilityGlobals) = postSolution
		SolutionGuid = {D65C4D61-6134-4DFD-915F-9F9300CB63B6}
	EndGlobalSection
EndGlobal
